// !$*UTF8*$!
{
	archiveVersion = 1;
	classes = {
	};
	objectVersion = 56;
	objects = {

/* Begin PBXBuildFile section */
		2B18873A2BBB8A6E00AAF1A2 /* WorkoutTrackerApp.swift in Sources */ = {isa = PBXBuildFile; fileRef = 2B1887392BBB8A6E00AAF1A2 /* WorkoutTrackerApp.swift */; };
		2B18873C2BBB8A6E00AAF1A2 /* MainView.swift in Sources */ = {isa = PBXBuildFile; fileRef = 2B18873B2BBB8A6E00AAF1A2 /* MainView.swift */; };
		2B18873E2BBB8A6F00AAF1A2 /* Assets.xcassets in Resources */ = {isa = PBXBuildFile; fileRef = 2B18873D2BBB8A6F00AAF1A2 /* Assets.xcassets */; };
		2B1887412BBB8A6F00AAF1A2 /* Preview Assets.xcassets in Resources */ = {isa = PBXBuildFile; fileRef = 2B1887402BBB8A6F00AAF1A2 /* Preview Assets.xcassets */; };
		2B1887652BBCAD2C00AAF1A2 /* FirebaseAuth in Frameworks */ = {isa = PBXBuildFile; productRef = 2B1887642BBCAD2C00AAF1A2 /* FirebaseAuth */; };
		2B1887672BBCAD2C00AAF1A2 /* FirebaseFirestore in Frameworks */ = {isa = PBXBuildFile; productRef = 2B1887662BBCAD2C00AAF1A2 /* FirebaseFirestore */; };
		2B1887692BBCAD2C00AAF1A2 /* FirebaseFirestoreSwift in Frameworks */ = {isa = PBXBuildFile; productRef = 2B1887682BBCAD2C00AAF1A2 /* FirebaseFirestoreSwift */; };
		2B18876B2BBCB4AE00AAF1A2 /* GoogleService-Info.plist in Resources */ = {isa = PBXBuildFile; fileRef = 2B18876A2BBCB4AE00AAF1A2 /* GoogleService-Info.plist */; };
		2B1887732BBCC8B200AAF1A2 /* LoginView.swift in Sources */ = {isa = PBXBuildFile; fileRef = 2B1887722BBCC8B200AAF1A2 /* LoginView.swift */; };
		2B1887752BBCC8CF00AAF1A2 /* RegisterView.swift in Sources */ = {isa = PBXBuildFile; fileRef = 2B1887742BBCC8CF00AAF1A2 /* RegisterView.swift */; };
		2B1887772BBCC8DB00AAF1A2 /* User.swift in Sources */ = {isa = PBXBuildFile; fileRef = 2B1887762BBCC8DB00AAF1A2 /* User.swift */; };
		2B1887792BBCC91200AAF1A2 /* LoginViewModel.swift in Sources */ = {isa = PBXBuildFile; fileRef = 2B1887782BBCC91200AAF1A2 /* LoginViewModel.swift */; };
		2B18877B2BBCC91D00AAF1A2 /* RegisterViewModel.swift in Sources */ = {isa = PBXBuildFile; fileRef = 2B18877A2BBCC91D00AAF1A2 /* RegisterViewModel.swift */; };
		2B18877D2BBCC94000AAF1A2 /* MainViewModel.swift in Sources */ = {isa = PBXBuildFile; fileRef = 2B18877C2BBCC94000AAF1A2 /* MainViewModel.swift */; };
		2B1887812BBE195B00AAF1A2 /* WelcomeView.swift in Sources */ = {isa = PBXBuildFile; fileRef = 2B1887802BBE195B00AAF1A2 /* WelcomeView.swift */; };
		2B1887832BBE196A00AAF1A2 /* WelcomeViewModel.swift in Sources */ = {isa = PBXBuildFile; fileRef = 2B1887822BBE196A00AAF1A2 /* WelcomeViewModel.swift */; };
		2B1887872BC0C01200AAF1A2 /* Notes:TODO in Resources */ = {isa = PBXBuildFile; fileRef = 2B1887862BC0C01200AAF1A2 /* Notes:TODO */; };
		2B1887892BC22C1300AAF1A2 /* Extensions.swift in Sources */ = {isa = PBXBuildFile; fileRef = 2B1887882BC22C1300AAF1A2 /* Extensions.swift */; };
		2B18878B2BC3316800AAF1A2 /* HomeView.swift in Sources */ = {isa = PBXBuildFile; fileRef = 2B18878A2BC3316800AAF1A2 /* HomeView.swift */; };
		2B18878D2BC3317400AAF1A2 /* HomeViewModel.swift in Sources */ = {isa = PBXBuildFile; fileRef = 2B18878C2BC3317400AAF1A2 /* HomeViewModel.swift */; };
		2B1887952BC4B13C00AAF1A2 /* WorkoutHistoryView.swift in Sources */ = {isa = PBXBuildFile; fileRef = 2B1887942BC4B13C00AAF1A2 /* WorkoutHistoryView.swift */; };
		2B1887972BC4B14700AAF1A2 /* WorkoutHistoryViewModel.swift in Sources */ = {isa = PBXBuildFile; fileRef = 2B1887962BC4B14700AAF1A2 /* WorkoutHistoryViewModel.swift */; };
		2B1887992BC4B17100AAF1A2 /* ProfileView.swift in Sources */ = {isa = PBXBuildFile; fileRef = 2B1887982BC4B17100AAF1A2 /* ProfileView.swift */; };
		2B18879B2BC4B17F00AAF1A2 /* ProfileViewModel.swift in Sources */ = {isa = PBXBuildFile; fileRef = 2B18879A2BC4B17F00AAF1A2 /* ProfileViewModel.swift */; };
		2B1887A52BC606FD00AAF1A2 /* Workout.swift in Sources */ = {isa = PBXBuildFile; fileRef = 2B1887A42BC606FD00AAF1A2 /* Workout.swift */; };
		2B1887A72BC60B6900AAF1A2 /* Exercise.swift in Sources */ = {isa = PBXBuildFile; fileRef = 2B1887A62BC60B6900AAF1A2 /* Exercise.swift */; };
		2B1887AB2BC7562100AAF1A2 /* WorkoutViewModel.swift in Sources */ = {isa = PBXBuildFile; fileRef = 2B1887AA2BC7562100AAF1A2 /* WorkoutViewModel.swift */; };
		2B1887AD2BC7565500AAF1A2 /* WorkoutView.swift in Sources */ = {isa = PBXBuildFile; fileRef = 2B1887AC2BC7565500AAF1A2 /* WorkoutView.swift */; };
		2B1887AF2BD89AEA00AAF1A2 /* AddExerciseView.swift in Sources */ = {isa = PBXBuildFile; fileRef = 2B1887AE2BD89AEA00AAF1A2 /* AddExerciseView.swift */; };
		2B7B36E32C03B06600FF5235 /* WorkoutItemView.swift in Sources */ = {isa = PBXBuildFile; fileRef = 2B7B36E22C03B06600FF5235 /* WorkoutItemView.swift */; };
		2B7B36E52C0D563100FF5235 /* ProgressionAndStatisticsView.swift in Sources */ = {isa = PBXBuildFile; fileRef = 2B7B36E42C0D563100FF5235 /* ProgressionAndStatisticsView.swift */; };
		2B7B36E72C1D2F3A00FF5235 /* ProgressionAndStatisticsViewModel.swift in Sources */ = {isa = PBXBuildFile; fileRef = 2B7B36E62C1D2F3A00FF5235 /* ProgressionAndStatisticsViewModel.swift */; };
		2B7B36ED2C1D309800FF5235 /* ChangeEmailView.swift in Sources */ = {isa = PBXBuildFile; fileRef = 2B7B36EC2C1D309800FF5235 /* ChangeEmailView.swift */; };
		2B7B36EF2C1D30A800FF5235 /* ChangePasswordView.swift in Sources */ = {isa = PBXBuildFile; fileRef = 2B7B36EE2C1D30A800FF5235 /* ChangePasswordView.swift */; };
		2B7B36F32C1D317C00FF5235 /* ChangeEmailViewModel.swift in Sources */ = {isa = PBXBuildFile; fileRef = 2B7B36F22C1D317C00FF5235 /* ChangeEmailViewModel.swift */; };
		2B7B36F52C1D318900FF5235 /* ChangePasswordViewModel.swift in Sources */ = {isa = PBXBuildFile; fileRef = 2B7B36F42C1D318900FF5235 /* ChangePasswordViewModel.swift */; };
		2BB22F2D2BE7FF44005D4723 /* ExerciseSet.swift in Sources */ = {isa = PBXBuildFile; fileRef = 2BB22F2C2BE7FF44005D4723 /* ExerciseSet.swift */; };
		2BB22F2F2BF032C8005D4723 /* ExerciseDisplayView.swift in Sources */ = {isa = PBXBuildFile; fileRef = 2BB22F2E2BF032C8005D4723 /* ExerciseDisplayView.swift */; };
		2BB22F312BF3094D005D4723 /* StringExtension.swift in Sources */ = {isa = PBXBuildFile; fileRef = 2BB22F302BF3094D005D4723 /* StringExtension.swift */; };
/* End PBXBuildFile section */

/* Begin PBXContainerItemProxy section */
		2B1887472BBB8A6F00AAF1A2 /* PBXContainerItemProxy */ = {
			isa = PBXContainerItemProxy;
			containerPortal = 2B18872E2BBB8A6E00AAF1A2 /* Project object */;
			proxyType = 1;
			remoteGlobalIDString = 2B1887352BBB8A6E00AAF1A2;
			remoteInfo = WorkoutTracker;
		};
		2B1887512BBB8A6F00AAF1A2 /* PBXContainerItemProxy */ = {
			isa = PBXContainerItemProxy;
			containerPortal = 2B18872E2BBB8A6E00AAF1A2 /* Project object */;
			proxyType = 1;
			remoteGlobalIDString = 2B1887352BBB8A6E00AAF1A2;
			remoteInfo = WorkoutTracker;
		};
/* End PBXContainerItemProxy section */

/* Begin PBXFileReference section */
		2B1887362BBB8A6E00AAF1A2 /* WorkoutTracker.app */ = {isa = PBXFileReference; explicitFileType = wrapper.application; includeInIndex = 0; path = WorkoutTracker.app; sourceTree = BUILT_PRODUCTS_DIR; };
		2B1887392BBB8A6E00AAF1A2 /* WorkoutTrackerApp.swift */ = {isa = PBXFileReference; lastKnownFileType = sourcecode.swift; path = WorkoutTrackerApp.swift; sourceTree = "<group>"; };
		2B18873B2BBB8A6E00AAF1A2 /* MainView.swift */ = {isa = PBXFileReference; lastKnownFileType = sourcecode.swift; path = MainView.swift; sourceTree = "<group>"; };
		2B18873D2BBB8A6F00AAF1A2 /* Assets.xcassets */ = {isa = PBXFileReference; lastKnownFileType = folder.assetcatalog; path = Assets.xcassets; sourceTree = "<group>"; };
		2B1887402BBB8A6F00AAF1A2 /* Preview Assets.xcassets */ = {isa = PBXFileReference; lastKnownFileType = folder.assetcatalog; path = "Preview Assets.xcassets"; sourceTree = "<group>"; };
		2B1887462BBB8A6F00AAF1A2 /* WorkoutTrackerTests.xctest */ = {isa = PBXFileReference; explicitFileType = wrapper.cfbundle; includeInIndex = 0; path = WorkoutTrackerTests.xctest; sourceTree = BUILT_PRODUCTS_DIR; };
		2B1887502BBB8A6F00AAF1A2 /* WorkoutTrackerUITests.xctest */ = {isa = PBXFileReference; explicitFileType = wrapper.cfbundle; includeInIndex = 0; path = WorkoutTrackerUITests.xctest; sourceTree = BUILT_PRODUCTS_DIR; };
		2B18876A2BBCB4AE00AAF1A2 /* GoogleService-Info.plist */ = {isa = PBXFileReference; fileEncoding = 4; lastKnownFileType = text.plist.xml; path = "GoogleService-Info.plist"; sourceTree = "<group>"; };
		2B1887722BBCC8B200AAF1A2 /* LoginView.swift */ = {isa = PBXFileReference; lastKnownFileType = sourcecode.swift; path = LoginView.swift; sourceTree = "<group>"; };
		2B1887742BBCC8CF00AAF1A2 /* RegisterView.swift */ = {isa = PBXFileReference; lastKnownFileType = sourcecode.swift; path = RegisterView.swift; sourceTree = "<group>"; };
		2B1887762BBCC8DB00AAF1A2 /* User.swift */ = {isa = PBXFileReference; lastKnownFileType = sourcecode.swift; path = User.swift; sourceTree = "<group>"; };
		2B1887782BBCC91200AAF1A2 /* LoginViewModel.swift */ = {isa = PBXFileReference; lastKnownFileType = sourcecode.swift; path = LoginViewModel.swift; sourceTree = "<group>"; };
		2B18877A2BBCC91D00AAF1A2 /* RegisterViewModel.swift */ = {isa = PBXFileReference; lastKnownFileType = sourcecode.swift; path = RegisterViewModel.swift; sourceTree = "<group>"; };
		2B18877C2BBCC94000AAF1A2 /* MainViewModel.swift */ = {isa = PBXFileReference; lastKnownFileType = sourcecode.swift; path = MainViewModel.swift; sourceTree = "<group>"; };
		2B1887802BBE195B00AAF1A2 /* WelcomeView.swift */ = {isa = PBXFileReference; lastKnownFileType = sourcecode.swift; path = WelcomeView.swift; sourceTree = "<group>"; };
		2B1887822BBE196A00AAF1A2 /* WelcomeViewModel.swift */ = {isa = PBXFileReference; lastKnownFileType = sourcecode.swift; path = WelcomeViewModel.swift; sourceTree = "<group>"; };
		2B1887862BC0C01200AAF1A2 /* Notes:TODO */ = {isa = PBXFileReference; lastKnownFileType = text; path = "Notes:TODO"; sourceTree = "<group>"; };
		2B1887882BC22C1300AAF1A2 /* Extensions.swift */ = {isa = PBXFileReference; lastKnownFileType = sourcecode.swift; path = Extensions.swift; sourceTree = "<group>"; };
		2B18878A2BC3316800AAF1A2 /* HomeView.swift */ = {isa = PBXFileReference; lastKnownFileType = sourcecode.swift; path = HomeView.swift; sourceTree = "<group>"; };
		2B18878C2BC3317400AAF1A2 /* HomeViewModel.swift */ = {isa = PBXFileReference; lastKnownFileType = sourcecode.swift; path = HomeViewModel.swift; sourceTree = "<group>"; };
		2B1887942BC4B13C00AAF1A2 /* WorkoutHistoryView.swift */ = {isa = PBXFileReference; lastKnownFileType = sourcecode.swift; path = WorkoutHistoryView.swift; sourceTree = "<group>"; };
		2B1887962BC4B14700AAF1A2 /* WorkoutHistoryViewModel.swift */ = {isa = PBXFileReference; lastKnownFileType = sourcecode.swift; path = WorkoutHistoryViewModel.swift; sourceTree = "<group>"; };
		2B1887982BC4B17100AAF1A2 /* ProfileView.swift */ = {isa = PBXFileReference; lastKnownFileType = sourcecode.swift; path = ProfileView.swift; sourceTree = "<group>"; };
		2B18879A2BC4B17F00AAF1A2 /* ProfileViewModel.swift */ = {isa = PBXFileReference; lastKnownFileType = sourcecode.swift; path = ProfileViewModel.swift; sourceTree = "<group>"; };
		2B1887A42BC606FD00AAF1A2 /* Workout.swift */ = {isa = PBXFileReference; lastKnownFileType = sourcecode.swift; path = Workout.swift; sourceTree = "<group>"; };
		2B1887A62BC60B6900AAF1A2 /* Exercise.swift */ = {isa = PBXFileReference; lastKnownFileType = sourcecode.swift; path = Exercise.swift; sourceTree = "<group>"; };
		2B1887AA2BC7562100AAF1A2 /* WorkoutViewModel.swift */ = {isa = PBXFileReference; lastKnownFileType = sourcecode.swift; path = WorkoutViewModel.swift; sourceTree = "<group>"; };
		2B1887AC2BC7565500AAF1A2 /* WorkoutView.swift */ = {isa = PBXFileReference; lastKnownFileType = sourcecode.swift; path = WorkoutView.swift; sourceTree = "<group>"; };
		2B1887AE2BD89AEA00AAF1A2 /* AddExerciseView.swift */ = {isa = PBXFileReference; lastKnownFileType = sourcecode.swift; path = AddExerciseView.swift; sourceTree = "<group>"; };
		2B7B36E22C03B06600FF5235 /* WorkoutItemView.swift */ = {isa = PBXFileReference; lastKnownFileType = sourcecode.swift; path = WorkoutItemView.swift; sourceTree = "<group>"; };
		2B7B36E42C0D563100FF5235 /* ProgressionAndStatisticsView.swift */ = {isa = PBXFileReference; lastKnownFileType = sourcecode.swift; path = ProgressionAndStatisticsView.swift; sourceTree = "<group>"; };
		2B7B36E62C1D2F3A00FF5235 /* ProgressionAndStatisticsViewModel.swift */ = {isa = PBXFileReference; lastKnownFileType = sourcecode.swift; path = ProgressionAndStatisticsViewModel.swift; sourceTree = "<group>"; };
		2B7B36EC2C1D309800FF5235 /* ChangeEmailView.swift */ = {isa = PBXFileReference; lastKnownFileType = sourcecode.swift; path = ChangeEmailView.swift; sourceTree = "<group>"; };
		2B7B36EE2C1D30A800FF5235 /* ChangePasswordView.swift */ = {isa = PBXFileReference; lastKnownFileType = sourcecode.swift; path = ChangePasswordView.swift; sourceTree = "<group>"; };
		2B7B36F22C1D317C00FF5235 /* ChangeEmailViewModel.swift */ = {isa = PBXFileReference; lastKnownFileType = sourcecode.swift; path = ChangeEmailViewModel.swift; sourceTree = "<group>"; };
		2B7B36F42C1D318900FF5235 /* ChangePasswordViewModel.swift */ = {isa = PBXFileReference; lastKnownFileType = sourcecode.swift; path = ChangePasswordViewModel.swift; sourceTree = "<group>"; };
		2BB22F2C2BE7FF44005D4723 /* ExerciseSet.swift */ = {isa = PBXFileReference; lastKnownFileType = sourcecode.swift; path = ExerciseSet.swift; sourceTree = "<group>"; };
		2BB22F2E2BF032C8005D4723 /* ExerciseDisplayView.swift */ = {isa = PBXFileReference; lastKnownFileType = sourcecode.swift; path = ExerciseDisplayView.swift; sourceTree = "<group>"; };
		2BB22F302BF3094D005D4723 /* StringExtension.swift */ = {isa = PBXFileReference; lastKnownFileType = sourcecode.swift; path = StringExtension.swift; sourceTree = "<group>"; };
/* End PBXFileReference section */

/* Begin PBXFrameworksBuildPhase section */
		2B1887332BBB8A6E00AAF1A2 /* Frameworks */ = {
			isa = PBXFrameworksBuildPhase;
			buildActionMask = 2147483647;
			files = (
				2B1887652BBCAD2C00AAF1A2 /* FirebaseAuth in Frameworks */,
				2B1887672BBCAD2C00AAF1A2 /* FirebaseFirestore in Frameworks */,
				2B1887692BBCAD2C00AAF1A2 /* FirebaseFirestoreSwift in Frameworks */,
			);
			runOnlyForDeploymentPostprocessing = 0;
		};
		2B1887432BBB8A6F00AAF1A2 /* Frameworks */ = {
			isa = PBXFrameworksBuildPhase;
			buildActionMask = 2147483647;
			files = (
			);
			runOnlyForDeploymentPostprocessing = 0;
		};
		2B18874D2BBB8A6F00AAF1A2 /* Frameworks */ = {
			isa = PBXFrameworksBuildPhase;
			buildActionMask = 2147483647;
			files = (
			);
			runOnlyForDeploymentPostprocessing = 0;
		};
/* End PBXFrameworksBuildPhase section */

/* Begin PBXGroup section */
		2B18872D2BBB8A6E00AAF1A2 = {
			isa = PBXGroup;
			children = (
				2B1887382BBB8A6E00AAF1A2 /* WorkoutTracker */,
				2B1887372BBB8A6E00AAF1A2 /* Products */,
			);
			sourceTree = "<group>";
		};
		2B1887372BBB8A6E00AAF1A2 /* Products */ = {
			isa = PBXGroup;
			children = (
				2B1887362BBB8A6E00AAF1A2 /* WorkoutTracker.app */,
				2B1887462BBB8A6F00AAF1A2 /* WorkoutTrackerTests.xctest */,
				2B1887502BBB8A6F00AAF1A2 /* WorkoutTrackerUITests.xctest */,
			);
			name = Products;
			sourceTree = "<group>";
		};
		2B1887382BBB8A6E00AAF1A2 /* WorkoutTracker */ = {
			isa = PBXGroup;
			children = (
				2B18876F2BBCB63D00AAF1A2 /* Others */,
				2B18876E2BBCB62900AAF1A2 /* Models */,
				2B18876D2BBCB62200AAF1A2 /* Views */,
				2B18876C2BBCB61B00AAF1A2 /* ViewModels */,
				2B18873F2BBB8A6F00AAF1A2 /* Preview Content */,
			);
			path = WorkoutTracker;
			sourceTree = "<group>";
		};
		2B18873F2BBB8A6F00AAF1A2 /* Preview Content */ = {
			isa = PBXGroup;
			children = (
				2B1887402BBB8A6F00AAF1A2 /* Preview Assets.xcassets */,
			);
			path = "Preview Content";
			sourceTree = "<group>";
		};
		2B18876C2BBCB61B00AAF1A2 /* ViewModels */ = {
			isa = PBXGroup;
			children = (
				2B7B36F12C1D312400FF5235 /* SignInComponents */,
				2B7B36F02C1D310100FF5235 /* ProfileComponents */,
				2B18878C2BC3317400AAF1A2 /* HomeViewModel.swift */,
				2B1887AA2BC7562100AAF1A2 /* WorkoutViewModel.swift */,
				2B1887962BC4B14700AAF1A2 /* WorkoutHistoryViewModel.swift */,
			);
			path = ViewModels;
			sourceTree = "<group>";
		};
		2B18876D2BBCB62200AAF1A2 /* Views */ = {
			isa = PBXGroup;
			children = (
				2B7B36EB2C1D307C00FF5235 /* ProfileComponents */,
				2B7B36E92C1D300A00FF5235 /* WorkoutComponents */,
				2B7B36E82C1D2FBB00FF5235 /* SignInComponents */,
				2B7B36EA2C1D306400FF5235 /* WorkoutHistoryComponents */,
				2B18878A2BC3316800AAF1A2 /* HomeView.swift */,
			);
			path = Views;
			sourceTree = "<group>";
		};
		2B18876E2BBCB62900AAF1A2 /* Models */ = {
			isa = PBXGroup;
			children = (
				2B1887762BBCC8DB00AAF1A2 /* User.swift */,
				2B1887A42BC606FD00AAF1A2 /* Workout.swift */,
				2B1887A62BC60B6900AAF1A2 /* Exercise.swift */,
				2BB22F2C2BE7FF44005D4723 /* ExerciseSet.swift */,
			);
			path = Models;
			sourceTree = "<group>";
		};
		2B18876F2BBCB63D00AAF1A2 /* Others */ = {
			isa = PBXGroup;
			children = (
				2BB22F302BF3094D005D4723 /* StringExtension.swift */,
				2B18873D2BBB8A6F00AAF1A2 /* Assets.xcassets */,
				2B1887392BBB8A6E00AAF1A2 /* WorkoutTrackerApp.swift */,
				2B18876A2BBCB4AE00AAF1A2 /* GoogleService-Info.plist */,
				2B1887862BC0C01200AAF1A2 /* Notes:TODO */,
				2B1887882BC22C1300AAF1A2 /* Extensions.swift */,
			);
			path = Others;
			sourceTree = "<group>";
		};
		2B7B36E82C1D2FBB00FF5235 /* SignInComponents */ = {
			isa = PBXGroup;
			children = (
				2B1887802BBE195B00AAF1A2 /* WelcomeView.swift */,
				2B18873B2BBB8A6E00AAF1A2 /* MainView.swift */,
				2B1887722BBCC8B200AAF1A2 /* LoginView.swift */,
				2B1887742BBCC8CF00AAF1A2 /* RegisterView.swift */,
			);
			path = SignInComponents;
			sourceTree = "<group>";
		};
		2B7B36E92C1D300A00FF5235 /* WorkoutComponents */ = {
			isa = PBXGroup;
			children = (
				2BB22F2E2BF032C8005D4723 /* ExerciseDisplayView.swift */,
				2B1887AE2BD89AEA00AAF1A2 /* AddExerciseView.swift */,
				2B1887AC2BC7565500AAF1A2 /* WorkoutView.swift */,
			);
			path = WorkoutComponents;
			sourceTree = "<group>";
		};
		2B7B36EA2C1D306400FF5235 /* WorkoutHistoryComponents */ = {
			isa = PBXGroup;
			children = (
				2B1887942BC4B13C00AAF1A2 /* WorkoutHistoryView.swift */,
				2B7B36E22C03B06600FF5235 /* WorkoutItemView.swift */,
			);
			path = WorkoutHistoryComponents;
			sourceTree = "<group>";
		};
		2B7B36EB2C1D307C00FF5235 /* ProfileComponents */ = {
			isa = PBXGroup;
			children = (
				2B1887982BC4B17100AAF1A2 /* ProfileView.swift */,
				2B7B36E42C0D563100FF5235 /* ProgressionAndStatisticsView.swift */,
				2B7B36EC2C1D309800FF5235 /* ChangeEmailView.swift */,
				2B7B36EE2C1D30A800FF5235 /* ChangePasswordView.swift */,
			);
			path = ProfileComponents;
			sourceTree = "<group>";
		};
		2B7B36F02C1D310100FF5235 /* ProfileComponents */ = {
			isa = PBXGroup;
			children = (
				2B18879A2BC4B17F00AAF1A2 /* ProfileViewModel.swift */,
				2B7B36E62C1D2F3A00FF5235 /* ProgressionAndStatisticsViewModel.swift */,
				2B7B36F22C1D317C00FF5235 /* ChangeEmailViewModel.swift */,
				2B7B36F42C1D318900FF5235 /* ChangePasswordViewModel.swift */,
			);
			path = ProfileComponents;
			sourceTree = "<group>";
		};
		2B7B36F12C1D312400FF5235 /* SignInComponents */ = {
			isa = PBXGroup;
			children = (
				2B18877C2BBCC94000AAF1A2 /* MainViewModel.swift */,
				2B1887782BBCC91200AAF1A2 /* LoginViewModel.swift */,
				2B18877A2BBCC91D00AAF1A2 /* RegisterViewModel.swift */,
				2B1887822BBE196A00AAF1A2 /* WelcomeViewModel.swift */,
			);
			path = SignInComponents;
			sourceTree = "<group>";
		};
/* End PBXGroup section */

/* Begin PBXNativeTarget section */
		2B1887352BBB8A6E00AAF1A2 /* WorkoutTracker */ = {
			isa = PBXNativeTarget;
			buildConfigurationList = 2B18875A2BBB8A6F00AAF1A2 /* Build configuration list for PBXNativeTarget "WorkoutTracker" */;
			buildPhases = (
				2B1887322BBB8A6E00AAF1A2 /* Sources */,
				2B1887332BBB8A6E00AAF1A2 /* Frameworks */,
				2B1887342BBB8A6E00AAF1A2 /* Resources */,
			);
			buildRules = (
			);
			dependencies = (
			);
			name = WorkoutTracker;
			packageProductDependencies = (
				2B1887642BBCAD2C00AAF1A2 /* FirebaseAuth */,
				2B1887662BBCAD2C00AAF1A2 /* FirebaseFirestore */,
				2B1887682BBCAD2C00AAF1A2 /* FirebaseFirestoreSwift */,
			);
			productName = WorkoutTracker;
			productReference = 2B1887362BBB8A6E00AAF1A2 /* WorkoutTracker.app */;
			productType = "com.apple.product-type.application";
		};
		2B1887452BBB8A6F00AAF1A2 /* WorkoutTrackerTests */ = {
			isa = PBXNativeTarget;
			buildConfigurationList = 2B18875D2BBB8A6F00AAF1A2 /* Build configuration list for PBXNativeTarget "WorkoutTrackerTests" */;
			buildPhases = (
				2B1887422BBB8A6F00AAF1A2 /* Sources */,
				2B1887432BBB8A6F00AAF1A2 /* Frameworks */,
				2B1887442BBB8A6F00AAF1A2 /* Resources */,
			);
			buildRules = (
			);
			dependencies = (
				2B1887482BBB8A6F00AAF1A2 /* PBXTargetDependency */,
			);
			name = WorkoutTrackerTests;
			productName = WorkoutTrackerTests;
			productReference = 2B1887462BBB8A6F00AAF1A2 /* WorkoutTrackerTests.xctest */;
			productType = "com.apple.product-type.bundle.unit-test";
		};
		2B18874F2BBB8A6F00AAF1A2 /* WorkoutTrackerUITests */ = {
			isa = PBXNativeTarget;
			buildConfigurationList = 2B1887602BBB8A6F00AAF1A2 /* Build configuration list for PBXNativeTarget "WorkoutTrackerUITests" */;
			buildPhases = (
				2B18874C2BBB8A6F00AAF1A2 /* Sources */,
				2B18874D2BBB8A6F00AAF1A2 /* Frameworks */,
				2B18874E2BBB8A6F00AAF1A2 /* Resources */,
			);
			buildRules = (
			);
			dependencies = (
				2B1887522BBB8A6F00AAF1A2 /* PBXTargetDependency */,
			);
			name = WorkoutTrackerUITests;
			productName = WorkoutTrackerUITests;
			productReference = 2B1887502BBB8A6F00AAF1A2 /* WorkoutTrackerUITests.xctest */;
			productType = "com.apple.product-type.bundle.ui-testing";
		};
/* End PBXNativeTarget section */

/* Begin PBXProject section */
		2B18872E2BBB8A6E00AAF1A2 /* Project object */ = {
			isa = PBXProject;
			attributes = {
				BuildIndependentTargetsInParallel = 1;
				LastSwiftUpdateCheck = 1530;
				LastUpgradeCheck = 1530;
				TargetAttributes = {
					2B1887352BBB8A6E00AAF1A2 = {
						CreatedOnToolsVersion = 15.3;
					};
					2B1887452BBB8A6F00AAF1A2 = {
						CreatedOnToolsVersion = 15.3;
						TestTargetID = 2B1887352BBB8A6E00AAF1A2;
					};
					2B18874F2BBB8A6F00AAF1A2 = {
						CreatedOnToolsVersion = 15.3;
						TestTargetID = 2B1887352BBB8A6E00AAF1A2;
					};
				};
			};
			buildConfigurationList = 2B1887312BBB8A6E00AAF1A2 /* Build configuration list for PBXProject "WorkoutTracker" */;
			compatibilityVersion = "Xcode 14.0";
			developmentRegion = en;
			hasScannedForEncodings = 0;
			knownRegions = (
				en,
				Base,
			);
			mainGroup = 2B18872D2BBB8A6E00AAF1A2;
			packageReferences = (
				2B1887632BBCAD2C00AAF1A2 /* XCRemoteSwiftPackageReference "firebase-ios-sdk" */,
			);
			productRefGroup = 2B1887372BBB8A6E00AAF1A2 /* Products */;
			projectDirPath = "";
			projectRoot = "";
			targets = (
				2B1887352BBB8A6E00AAF1A2 /* WorkoutTracker */,
				2B1887452BBB8A6F00AAF1A2 /* WorkoutTrackerTests */,
				2B18874F2BBB8A6F00AAF1A2 /* WorkoutTrackerUITests */,
			);
		};
/* End PBXProject section */

/* Begin PBXResourcesBuildPhase section */
		2B1887342BBB8A6E00AAF1A2 /* Resources */ = {
			isa = PBXResourcesBuildPhase;
			buildActionMask = 2147483647;
			files = (
				2B1887412BBB8A6F00AAF1A2 /* Preview Assets.xcassets in Resources */,
				2B18873E2BBB8A6F00AAF1A2 /* Assets.xcassets in Resources */,
				2B18876B2BBCB4AE00AAF1A2 /* GoogleService-Info.plist in Resources */,
				2B1887872BC0C01200AAF1A2 /* Notes:TODO in Resources */,
			);
			runOnlyForDeploymentPostprocessing = 0;
		};
		2B1887442BBB8A6F00AAF1A2 /* Resources */ = {
			isa = PBXResourcesBuildPhase;
			buildActionMask = 2147483647;
			files = (
			);
			runOnlyForDeploymentPostprocessing = 0;
		};
		2B18874E2BBB8A6F00AAF1A2 /* Resources */ = {
			isa = PBXResourcesBuildPhase;
			buildActionMask = 2147483647;
			files = (
			);
			runOnlyForDeploymentPostprocessing = 0;
		};
/* End PBXResourcesBuildPhase section */

/* Begin PBXSourcesBuildPhase section */
		2B1887322BBB8A6E00AAF1A2 /* Sources */ = {
			isa = PBXSourcesBuildPhase;
			buildActionMask = 2147483647;
			files = (
				2B1887AD2BC7565500AAF1A2 /* WorkoutView.swift in Sources */,
				2B7B36E52C0D563100FF5235 /* ProgressionAndStatisticsView.swift in Sources */,
				2B1887972BC4B14700AAF1A2 /* WorkoutHistoryViewModel.swift in Sources */,
				2B1887732BBCC8B200AAF1A2 /* LoginView.swift in Sources */,
				2B1887AB2BC7562100AAF1A2 /* WorkoutViewModel.swift in Sources */,
				2B1887A52BC606FD00AAF1A2 /* Workout.swift in Sources */,
				2B18879B2BC4B17F00AAF1A2 /* ProfileViewModel.swift in Sources */,
				2B7B36EF2C1D30A800FF5235 /* ChangePasswordView.swift in Sources */,
				2B1887A72BC60B6900AAF1A2 /* Exercise.swift in Sources */,
				2B1887832BBE196A00AAF1A2 /* WelcomeViewModel.swift in Sources */,
				2B7B36F32C1D317C00FF5235 /* ChangeEmailViewModel.swift in Sources */,
				2B7B36ED2C1D309800FF5235 /* ChangeEmailView.swift in Sources */,
				2B1887AF2BD89AEA00AAF1A2 /* AddExerciseView.swift in Sources */,
				2B7B36E32C03B06600FF5235 /* WorkoutItemView.swift in Sources */,
				2B1887752BBCC8CF00AAF1A2 /* RegisterView.swift in Sources */,
				2B18877B2BBCC91D00AAF1A2 /* RegisterViewModel.swift in Sources */,
				2B1887792BBCC91200AAF1A2 /* LoginViewModel.swift in Sources */,
				2B1887812BBE195B00AAF1A2 /* WelcomeView.swift in Sources */,
				2B7B36E72C1D2F3A00FF5235 /* ProgressionAndStatisticsViewModel.swift in Sources */,
				2B18873C2BBB8A6E00AAF1A2 /* MainView.swift in Sources */,
				2BB22F312BF3094D005D4723 /* StringExtension.swift in Sources */,
				2B1887772BBCC8DB00AAF1A2 /* User.swift in Sources */,
				2B18878D2BC3317400AAF1A2 /* HomeViewModel.swift in Sources */,
				2B1887952BC4B13C00AAF1A2 /* WorkoutHistoryView.swift in Sources */,
				2B18873A2BBB8A6E00AAF1A2 /* WorkoutTrackerApp.swift in Sources */,
				2B18878B2BC3316800AAF1A2 /* HomeView.swift in Sources */,
				2BB22F2D2BE7FF44005D4723 /* ExerciseSet.swift in Sources */,
				2B1887892BC22C1300AAF1A2 /* Extensions.swift in Sources */,
				2BB22F2F2BF032C8005D4723 /* ExerciseDisplayView.swift in Sources */,
				2B7B36F52C1D318900FF5235 /* ChangePasswordViewModel.swift in Sources */,
				2B1887992BC4B17100AAF1A2 /* ProfileView.swift in Sources */,
				2B18877D2BBCC94000AAF1A2 /* MainViewModel.swift in Sources */,
			);
			runOnlyForDeploymentPostprocessing = 0;
		};
		2B1887422BBB8A6F00AAF1A2 /* Sources */ = {
			isa = PBXSourcesBuildPhase;
			buildActionMask = 2147483647;
			files = (
			);
			runOnlyForDeploymentPostprocessing = 0;
		};
		2B18874C2BBB8A6F00AAF1A2 /* Sources */ = {
			isa = PBXSourcesBuildPhase;
			buildActionMask = 2147483647;
			files = (
			);
			runOnlyForDeploymentPostprocessing = 0;
		};
/* End PBXSourcesBuildPhase section */

/* Begin PBXTargetDependency section */
		2B1887482BBB8A6F00AAF1A2 /* PBXTargetDependency */ = {
			isa = PBXTargetDependency;
			target = 2B1887352BBB8A6E00AAF1A2 /* WorkoutTracker */;
			targetProxy = 2B1887472BBB8A6F00AAF1A2 /* PBXContainerItemProxy */;
		};
		2B1887522BBB8A6F00AAF1A2 /* PBXTargetDependency */ = {
			isa = PBXTargetDependency;
			target = 2B1887352BBB8A6E00AAF1A2 /* WorkoutTracker */;
			targetProxy = 2B1887512BBB8A6F00AAF1A2 /* PBXContainerItemProxy */;
		};
/* End PBXTargetDependency section */

/* Begin XCBuildConfiguration section */
		2B1887582BBB8A6F00AAF1A2 /* Debug */ = {
			isa = XCBuildConfiguration;
			buildSettings = {
				ALWAYS_SEARCH_USER_PATHS = NO;
				ASSETCATALOG_COMPILER_GENERATE_SWIFT_ASSET_SYMBOL_EXTENSIONS = YES;
				CLANG_ANALYZER_NONNULL = YES;
				CLANG_ANALYZER_NUMBER_OBJECT_CONVERSION = YES_AGGRESSIVE;
				CLANG_CXX_LANGUAGE_STANDARD = "gnu++20";
				CLANG_ENABLE_MODULES = YES;
				CLANG_ENABLE_OBJC_ARC = YES;
				CLANG_ENABLE_OBJC_WEAK = YES;
				CLANG_WARN_BLOCK_CAPTURE_AUTORELEASING = YES;
				CLANG_WARN_BOOL_CONVERSION = YES;
				CLANG_WARN_COMMA = YES;
				CLANG_WARN_CONSTANT_CONVERSION = YES;
				CLANG_WARN_DEPRECATED_OBJC_IMPLEMENTATIONS = YES;
				CLANG_WARN_DIRECT_OBJC_ISA_USAGE = YES_ERROR;
				CLANG_WARN_DOCUMENTATION_COMMENTS = YES;
				CLANG_WARN_EMPTY_BODY = YES;
				CLANG_WARN_ENUM_CONVERSION = YES;
				CLANG_WARN_INFINITE_RECURSION = YES;
				CLANG_WARN_INT_CONVERSION = YES;
				CLANG_WARN_NON_LITERAL_NULL_CONVERSION = YES;
				CLANG_WARN_OBJC_IMPLICIT_RETAIN_SELF = YES;
				CLANG_WARN_OBJC_LITERAL_CONVERSION = YES;
				CLANG_WARN_OBJC_ROOT_CLASS = YES_ERROR;
				CLANG_WARN_QUOTED_INCLUDE_IN_FRAMEWORK_HEADER = YES;
				CLANG_WARN_RANGE_LOOP_ANALYSIS = YES;
				CLANG_WARN_STRICT_PROTOTYPES = YES;
				CLANG_WARN_SUSPICIOUS_MOVE = YES;
				CLANG_WARN_UNGUARDED_AVAILABILITY = YES_AGGRESSIVE;
				CLANG_WARN_UNREACHABLE_CODE = YES;
				CLANG_WARN__DUPLICATE_METHOD_MATCH = YES;
				COPY_PHASE_STRIP = NO;
				DEBUG_INFORMATION_FORMAT = dwarf;
				ENABLE_STRICT_OBJC_MSGSEND = YES;
				ENABLE_TESTABILITY = YES;
				ENABLE_USER_SCRIPT_SANDBOXING = YES;
				GCC_C_LANGUAGE_STANDARD = gnu17;
				GCC_DYNAMIC_NO_PIC = NO;
				GCC_NO_COMMON_BLOCKS = YES;
				GCC_OPTIMIZATION_LEVEL = 0;
				GCC_PREPROCESSOR_DEFINITIONS = (
					"DEBUG=1",
					"$(inherited)",
				);
				GCC_WARN_64_TO_32_BIT_CONVERSION = YES;
				GCC_WARN_ABOUT_RETURN_TYPE = YES_ERROR;
				GCC_WARN_UNDECLARED_SELECTOR = YES;
				GCC_WARN_UNINITIALIZED_AUTOS = YES_AGGRESSIVE;
				GCC_WARN_UNUSED_FUNCTION = YES;
				GCC_WARN_UNUSED_VARIABLE = YES;
				IPHONEOS_DEPLOYMENT_TARGET = 17.4;
				LOCALIZATION_PREFERS_STRING_CATALOGS = YES;
				MTL_ENABLE_DEBUG_INFO = INCLUDE_SOURCE;
				MTL_FAST_MATH = YES;
				ONLY_ACTIVE_ARCH = YES;
				SDKROOT = iphoneos;
				SWIFT_ACTIVE_COMPILATION_CONDITIONS = "DEBUG $(inherited)";
				SWIFT_OPTIMIZATION_LEVEL = "-Onone";
			};
			name = Debug;
		};
		2B1887592BBB8A6F00AAF1A2 /* Release */ = {
			isa = XCBuildConfiguration;
			buildSettings = {
				ALWAYS_SEARCH_USER_PATHS = NO;
				ASSETCATALOG_COMPILER_GENERATE_SWIFT_ASSET_SYMBOL_EXTENSIONS = YES;
				CLANG_ANALYZER_NONNULL = YES;
				CLANG_ANALYZER_NUMBER_OBJECT_CONVERSION = YES_AGGRESSIVE;
				CLANG_CXX_LANGUAGE_STANDARD = "gnu++20";
				CLANG_ENABLE_MODULES = YES;
				CLANG_ENABLE_OBJC_ARC = YES;
				CLANG_ENABLE_OBJC_WEAK = YES;
				CLANG_WARN_BLOCK_CAPTURE_AUTORELEASING = YES;
				CLANG_WARN_BOOL_CONVERSION = YES;
				CLANG_WARN_COMMA = YES;
				CLANG_WARN_CONSTANT_CONVERSION = YES;
				CLANG_WARN_DEPRECATED_OBJC_IMPLEMENTATIONS = YES;
				CLANG_WARN_DIRECT_OBJC_ISA_USAGE = YES_ERROR;
				CLANG_WARN_DOCUMENTATION_COMMENTS = YES;
				CLANG_WARN_EMPTY_BODY = YES;
				CLANG_WARN_ENUM_CONVERSION = YES;
				CLANG_WARN_INFINITE_RECURSION = YES;
				CLANG_WARN_INT_CONVERSION = YES;
				CLANG_WARN_NON_LITERAL_NULL_CONVERSION = YES;
				CLANG_WARN_OBJC_IMPLICIT_RETAIN_SELF = YES;
				CLANG_WARN_OBJC_LITERAL_CONVERSION = YES;
				CLANG_WARN_OBJC_ROOT_CLASS = YES_ERROR;
				CLANG_WARN_QUOTED_INCLUDE_IN_FRAMEWORK_HEADER = YES;
				CLANG_WARN_RANGE_LOOP_ANALYSIS = YES;
				CLANG_WARN_STRICT_PROTOTYPES = YES;
				CLANG_WARN_SUSPICIOUS_MOVE = YES;
				CLANG_WARN_UNGUARDED_AVAILABILITY = YES_AGGRESSIVE;
				CLANG_WARN_UNREACHABLE_CODE = YES;
				CLANG_WARN__DUPLICATE_METHOD_MATCH = YES;
				COPY_PHASE_STRIP = NO;
				DEBUG_INFORMATION_FORMAT = "dwarf-with-dsym";
				ENABLE_NS_ASSERTIONS = NO;
				ENABLE_STRICT_OBJC_MSGSEND = YES;
				ENABLE_USER_SCRIPT_SANDBOXING = YES;
				GCC_C_LANGUAGE_STANDARD = gnu17;
				GCC_NO_COMMON_BLOCKS = YES;
				GCC_WARN_64_TO_32_BIT_CONVERSION = YES;
				GCC_WARN_ABOUT_RETURN_TYPE = YES_ERROR;
				GCC_WARN_UNDECLARED_SELECTOR = YES;
				GCC_WARN_UNINITIALIZED_AUTOS = YES_AGGRESSIVE;
				GCC_WARN_UNUSED_FUNCTION = YES;
				GCC_WARN_UNUSED_VARIABLE = YES;
				IPHONEOS_DEPLOYMENT_TARGET = 17.4;
				LOCALIZATION_PREFERS_STRING_CATALOGS = YES;
				MTL_ENABLE_DEBUG_INFO = NO;
				MTL_FAST_MATH = YES;
				SDKROOT = iphoneos;
				SWIFT_COMPILATION_MODE = wholemodule;
				VALIDATE_PRODUCT = YES;
			};
			name = Release;
		};
		2B18875B2BBB8A6F00AAF1A2 /* Debug */ = {
			isa = XCBuildConfiguration;
			buildSettings = {
				ASSETCATALOG_COMPILER_APPICON_NAME = AppIcon;
				ASSETCATALOG_COMPILER_GLOBAL_ACCENT_COLOR_NAME = AccentColor;
				CODE_SIGN_STYLE = Automatic;
				CURRENT_PROJECT_VERSION = 1;
				DEVELOPMENT_ASSET_PATHS = "\"WorkoutTracker/Preview Content\"";
				DEVELOPMENT_TEAM = PJS67GP2W7;
				ENABLE_PREVIEWS = YES;
				GENERATE_INFOPLIST_FILE = YES;
				INFOPLIST_KEY_CFBundleDisplayName = "Workout Tracker";
				INFOPLIST_KEY_LSApplicationCategoryType = "public.app-category.healthcare-fitness";
				INFOPLIST_KEY_UIApplicationSceneManifest_Generation = YES;
				INFOPLIST_KEY_UIApplicationSupportsIndirectInputEvents = YES;
				INFOPLIST_KEY_UILaunchScreen_Generation = YES;
				INFOPLIST_KEY_UISupportedInterfaceOrientations = UIInterfaceOrientationPortrait;
				LD_RUNPATH_SEARCH_PATHS = (
					"$(inherited)",
					"@executable_path/Frameworks",
				);
				MARKETING_VERSION = 1.0;
				PRODUCT_BUNDLE_IDENTIFIER = edDenton.WorkoutTracker;
				PRODUCT_NAME = "$(TARGET_NAME)";
				SUPPORTED_PLATFORMS = "iphoneos iphonesimulator";
				SUPPORTS_MACCATALYST = NO;
				SUPPORTS_MAC_DESIGNED_FOR_IPHONE_IPAD = NO;
				SUPPORTS_XR_DESIGNED_FOR_IPHONE_IPAD = NO;
				SWIFT_EMIT_LOC_STRINGS = YES;
				SWIFT_VERSION = 5.0;
				TARGETED_DEVICE_FAMILY = 1;
			};
			name = Debug;
		};
		2B18875C2BBB8A6F00AAF1A2 /* Release */ = {
			isa = XCBuildConfiguration;
			buildSettings = {
				ASSETCATALOG_COMPILER_APPICON_NAME = AppIcon;
				ASSETCATALOG_COMPILER_GLOBAL_ACCENT_COLOR_NAME = AccentColor;
				CODE_SIGN_IDENTITY = "Apple Development";
				CODE_SIGN_STYLE = Automatic;
				CURRENT_PROJECT_VERSION = 1;
				DEVELOPMENT_ASSET_PATHS = "\"WorkoutTracker/Preview Content\"";
				DEVELOPMENT_TEAM = PJS67GP2W7;
				ENABLE_PREVIEWS = YES;
				GENERATE_INFOPLIST_FILE = YES;
				INFOPLIST_KEY_CFBundleDisplayName = "Workout Tracker";
				INFOPLIST_KEY_LSApplicationCategoryType = "public.app-category.healthcare-fitness";
				INFOPLIST_KEY_UIApplicationSceneManifest_Generation = YES;
				INFOPLIST_KEY_UIApplicationSupportsIndirectInputEvents = YES;
				INFOPLIST_KEY_UILaunchScreen_Generation = YES;
				INFOPLIST_KEY_UISupportedInterfaceOrientations = UIInterfaceOrientationPortrait;
				LD_RUNPATH_SEARCH_PATHS = (
					"$(inherited)",
					"@executable_path/Frameworks",
				);
				MARKETING_VERSION = 1.0;
				PRODUCT_BUNDLE_IDENTIFIER = edDenton.WorkoutTracker;
				PRODUCT_NAME = "$(TARGET_NAME)";
				PROVISIONING_PROFILE_SPECIFIER = "";
				SUPPORTED_PLATFORMS = "iphoneos iphonesimulator";
				SUPPORTS_MACCATALYST = NO;
				SUPPORTS_MAC_DESIGNED_FOR_IPHONE_IPAD = NO;
				SUPPORTS_XR_DESIGNED_FOR_IPHONE_IPAD = NO;
				SWIFT_EMIT_LOC_STRINGS = YES;
				SWIFT_VERSION = 5.0;
				TARGETED_DEVICE_FAMILY = 1;
			};
			name = Release;
		};
		2B18875E2BBB8A6F00AAF1A2 /* Debug */ = {
			isa = XCBuildConfiguration;
			buildSettings = {
				ALWAYS_EMBED_SWIFT_STANDARD_LIBRARIES = YES;
				BUNDLE_LOADER = "$(TEST_HOST)";
				CODE_SIGN_STYLE = Automatic;
				CURRENT_PROJECT_VERSION = 1;
				GENERATE_INFOPLIST_FILE = YES;
				IPHONEOS_DEPLOYMENT_TARGET = 17.4;
				MARKETING_VERSION = 1.0;
				PRODUCT_BUNDLE_IDENTIFIER = edDenton.WorkoutTrackerTests;
				PRODUCT_NAME = "$(TARGET_NAME)";
				SWIFT_EMIT_LOC_STRINGS = NO;
				SWIFT_VERSION = 5.0;
				TARGETED_DEVICE_FAMILY = "1,2";
				TEST_HOST = "$(BUILT_PRODUCTS_DIR)/WorkoutTracker.app/$(BUNDLE_EXECUTABLE_FOLDER_PATH)/WorkoutTracker";
			};
			name = Debug;
		};
		2B18875F2BBB8A6F00AAF1A2 /* Release */ = {
			isa = XCBuildConfiguration;
			buildSettings = {
				ALWAYS_EMBED_SWIFT_STANDARD_LIBRARIES = YES;
				BUNDLE_LOADER = "$(TEST_HOST)";
				CODE_SIGN_STYLE = Automatic;
				CURRENT_PROJECT_VERSION = 1;
				GENERATE_INFOPLIST_FILE = YES;
				IPHONEOS_DEPLOYMENT_TARGET = 17.4;
				MARKETING_VERSION = 1.0;
				PRODUCT_BUNDLE_IDENTIFIER = edDenton.WorkoutTrackerTests;
				PRODUCT_NAME = "$(TARGET_NAME)";
				SWIFT_EMIT_LOC_STRINGS = NO;
				SWIFT_VERSION = 5.0;
				TARGETED_DEVICE_FAMILY = "1,2";
				TEST_HOST = "$(BUILT_PRODUCTS_DIR)/WorkoutTracker.app/$(BUNDLE_EXECUTABLE_FOLDER_PATH)/WorkoutTracker";
			};
			name = Release;
		};
		2B1887612BBB8A6F00AAF1A2 /* Debug */ = {
			isa = XCBuildConfiguration;
			buildSettings = {
				ALWAYS_EMBED_SWIFT_STANDARD_LIBRARIES = YES;
				CODE_SIGN_STYLE = Automatic;
				CURRENT_PROJECT_VERSION = 1;
				GENERATE_INFOPLIST_FILE = YES;
				MARKETING_VERSION = 1.0;
				PRODUCT_BUNDLE_IDENTIFIER = edDenton.WorkoutTrackerUITests;
				PRODUCT_NAME = "$(TARGET_NAME)";
				SWIFT_EMIT_LOC_STRINGS = NO;
				SWIFT_VERSION = 5.0;
				TARGETED_DEVICE_FAMILY = "1,2";
				TEST_TARGET_NAME = WorkoutTracker;
			};
			name = Debug;
		};
		2B1887622BBB8A6F00AAF1A2 /* Release */ = {
			isa = XCBuildConfiguration;
			buildSettings = {
				ALWAYS_EMBED_SWIFT_STANDARD_LIBRARIES = YES;
				CODE_SIGN_STYLE = Automatic;
				CURRENT_PROJECT_VERSION = 1;
				GENERATE_INFOPLIST_FILE = YES;
				MARKETING_VERSION = 1.0;
				PRODUCT_BUNDLE_IDENTIFIER = edDenton.WorkoutTrackerUITests;
				PRODUCT_NAME = "$(TARGET_NAME)";
				SWIFT_EMIT_LOC_STRINGS = NO;
				SWIFT_VERSION = 5.0;
				TARGETED_DEVICE_FAMILY = "1,2";
				TEST_TARGET_NAME = WorkoutTracker;
			};
			name = Release;
		};
/* End XCBuildConfiguration section */

/* Begin XCConfigurationList section */
		2B1887312BBB8A6E00AAF1A2 /* Build configuration list for PBXProject "WorkoutTracker" */ = {
			isa = XCConfigurationList;
			buildConfigurations = (
				2B1887582BBB8A6F00AAF1A2 /* Debug */,
				2B1887592BBB8A6F00AAF1A2 /* Release */,
			);
			defaultConfigurationIsVisible = 0;
			defaultConfigurationName = Release;
		};
		2B18875A2BBB8A6F00AAF1A2 /* Build configuration list for PBXNativeTarget "WorkoutTracker" */ = {
			isa = XCConfigurationList;
			buildConfigurations = (
				2B18875B2BBB8A6F00AAF1A2 /* Debug */,
				2B18875C2BBB8A6F00AAF1A2 /* Release */,
			);
			defaultConfigurationIsVisible = 0;
			defaultConfigurationName = Release;
		};
		2B18875D2BBB8A6F00AAF1A2 /* Build configuration list for PBXNativeTarget "WorkoutTrackerTests" */ = {
			isa = XCConfigurationList;
			buildConfigurations = (
				2B18875E2BBB8A6F00AAF1A2 /* Debug */,
				2B18875F2BBB8A6F00AAF1A2 /* Release */,
			);
			defaultConfigurationIsVisible = 0;
			defaultConfigurationName = Release;
		};
		2B1887602BBB8A6F00AAF1A2 /* Build configuration list for PBXNativeTarget "WorkoutTrackerUITests" */ = {
			isa = XCConfigurationList;
			buildConfigurations = (
				2B1887612BBB8A6F00AAF1A2 /* Debug */,
				2B1887622BBB8A6F00AAF1A2 /* Release */,
			);
			defaultConfigurationIsVisible = 0;
			defaultConfigurationName = Release;
		};
/* End XCConfigurationList section */

/* Begin XCRemoteSwiftPackageReference section */
		2B1887632BBCAD2C00AAF1A2 /* XCRemoteSwiftPackageReference "firebase-ios-sdk" */ = {
			isa = XCRemoteSwiftPackageReference;
			repositoryURL = "https://github.com/firebase/firebase-ios-sdk";
			requirement = {
				kind = upToNextMajorVersion;
				minimumVersion = 10.23.1;
			};
		};
/* End XCRemoteSwiftPackageReference section */

/* Begin XCSwiftPackageProductDependency section */
		2B1887642BBCAD2C00AAF1A2 /* FirebaseAuth */ = {
			isa = XCSwiftPackageProductDependency;
			package = 2B1887632BBCAD2C00AAF1A2 /* XCRemoteSwiftPackageReference "firebase-ios-sdk" */;
			productName = FirebaseAuth;
		};
		2B1887662BBCAD2C00AAF1A2 /* FirebaseFirestore */ = {
			isa = XCSwiftPackageProductDependency;
			package = 2B1887632BBCAD2C00AAF1A2 /* XCRemoteSwiftPackageReference "firebase-ios-sdk" */;
			productName = FirebaseFirestore;
		};
		2B1887682BBCAD2C00AAF1A2 /* FirebaseFirestoreSwift */ = {
			isa = XCSwiftPackageProductDependency;
			package = 2B1887632BBCAD2C00AAF1A2 /* XCRemoteSwiftPackageReference "firebase-ios-sdk" */;
			productName = FirebaseFirestoreSwift;
		};
/* End XCSwiftPackageProductDependency section */
	};
	rootObject = 2B18872E2BBB8A6E00AAF1A2 /* Project object */;
}
